
Microsoft Visual Studio Solution File, Format Version 12.00
# Visual Studio Version 17
VisualStudioVersion = 17.1.32210.238
MinimumVisualStudioVersion = 10.0.40219.1
Project("{FAE04EC0-301F-11D3-BF4B-00C04F79EFBC}") = "CheckLineRepeats", "CheckLineRepeats.csproj", "{F44C5758-1A4E-4BA6-B4EF-8FCA391962C7}"
EndProject
Global
	GlobalSection(SolutionConfigurationPlatforms) = preSolution
		Debug|Any CPU = Debug|Any CPU
		Release|Any CPU = Release|Any CPU
	EndGlobalSection
	GlobalSection(ProjectConfigurationPlatforms) = postSolution
		{F44C5758-1A4E-4BA6-B4EF-8FCA391962C7}.Debug|Any CPU.ActiveCfg = Debug|Any CPU
		{F44C5758-1A4E-4BA6-B4EF-8FCA391962C7}.Debug|Any CPU.Build.0 = Debug|Any CPU
		{F44C5758-1A4E-4BA6-B4EF-8FCA391962C7}.Release|Any CPU.ActiveCfg = Release|Any CPU
		{F44C5758-1A4E-4BA6-B4EF-8FCA391962C7}.Release|Any CPU.Build.0 = Release|Any CPU
	EndGlobalSection
	GlobalSection(SolutionProperties) = preSolution
		HideSolutionNode = FALSE
	EndGlobalSection
	GlobalSection(ExtensibilityGlobals) = postSolution
		SolutionGuid = {C9568F2E-1973-48BF-A86A-A363BEA7C78B}
	EndGlobalSection
EndGlobal
